
Microsoft Visual Studio Solution File, Format Version 11.00
# Visual Studio 2010
Project("{FAE04EC0-301F-11D3-BF4B-00C04F79EFBC}") = "KaroXNA", "KaroXNA\KaroXNA\KaroXNA.csproj", "{BA0048B0-629B-423B-89B3-90EA6CA94D70}"
EndProject
Project("{96E2B04D-8817-42C6-938A-82C39BA4D311}") = "KaroXNAContent", "KaroXNA\KaroXNAContent\KaroXNAContent.contentproj", "{00D0DAE4-6A13-4CAC-BAC1-A7C8D86A7CDD}"
EndProject
Global
	GlobalSection(SolutionConfigurationPlatforms) = preSolution
		Debug|x86 = Debug|x86
		Release|x86 = Release|x86
	EndGlobalSection
	GlobalSection(ProjectConfigurationPlatforms) = postSolution
		{BA0048B0-629B-423B-89B3-90EA6CA94D70}.Debug|x86.ActiveCfg = Debug|x86
		{BA0048B0-629B-423B-89B3-90EA6CA94D70}.Debug|x86.Build.0 = Debug|x86
		{BA0048B0-629B-423B-89B3-90EA6CA94D70}.Release|x86.ActiveCfg = Release|x86
		{BA0048B0-629B-423B-89B3-90EA6CA94D70}.Release|x86.Build.0 = Release|x86
		{00D0DAE4-6A13-4CAC-BAC1-A7C8D86A7CDD}.Debug|x86.ActiveCfg = Debug|x86
		{00D0DAE4-6A13-4CAC-BAC1-A7C8D86A7CDD}.Release|x86.ActiveCfg = Release|x86
	EndGlobalSection
	GlobalSection(SolutionProperties) = preSolution
		HideSolutionNode = FALSE
	EndGlobalSection
EndGlobal
