<?xml version="1.0" encoding="utf-8"?>
<Project ToolsVersion="4.0" xmlns="http://schemas.microsoft.com/developer/msbuild/2003">
  <ItemGroup>
    <Filter Include="Source Files">
      <UniqueIdentifier>{9443b89d-b9b4-4ce4-b01a-2cc6b374c1c4}</UniqueIdentifier>
      <Extensions>cpp</Extensions>
    </Filter>
    <Filter Include="Header Files">
      <UniqueIdentifier>{f47cd609-b061-4f29-86c3-01abaefdea13}</UniqueIdentifier>
      <Extensions>h</Extensions>
    </Filter>
    <Filter Include="Resource Files">
      <UniqueIdentifier>{31a90832-f189-4ad9-a3fc-75b0d04e7cba}</UniqueIdentifier>
      <Extensions>ico</Extensions>
    </Filter>
  </ItemGroup>
  <ItemGroup>
    <ClCompile Include="WinMain.cpp">
      <Filter>Source Files</Filter>
    </ClCompile>
    <ClCompile Include="Win.cpp">
      <Filter>Source Files</Filter>
    </ClCompile>
    <ClCompile Include="Karo.cpp">
      <Filter>Source Files</Filter>
    </ClCompile>
    <ClCompile Include="KaroGame.cpp">
      <Filter>Source Files</Filter>
    </ClCompile>
  </ItemGroup>
  <ItemGroup>
    <ClInclude Include="Win.h">
      <Filter>Header Files</Filter>
    </ClInclude>
    <ClInclude Include="Karo.h">
      <Filter>Header Files</Filter>
    </ClInclude>
    <ClInclude Include="resource.h">
      <Filter>Header Files</Filter>
    </ClInclude>
    <ClInclude Include="KaroGame.h">
      <Filter>Header Files</Filter>
    </ClInclude>
  </ItemGroup>
  <ItemGroup>
    <ResourceCompile Include="Karo.rc" />
  </ItemGroup>
  <ItemGroup>
    <None Include="res\Karo.ico">
      <Filter>Resource Files</Filter>
    </None>
  </ItemGroup>
</Project>