
Microsoft Visual Studio Solution File, Format Version 11.00
# Visual Studio 2010
Project("{FAE04EC0-301F-11D3-BF4B-00C04F79EFBC}") = "CppCLR", "CppCLR\CppCLR.csproj", "{DC375A81-EBC7-4E6E-AB85-89DB6A08B2DF}"
EndProject
Project("{8BC9CEB8-8B4A-11D0-8D11-00A0C91BC942}") = "CppLib", "CppLib\CppLib.vcxproj", "{B0B256C1-6320-4624-B671-9CCDC395ADE1}"
EndProject
Global
	GlobalSection(SolutionConfigurationPlatforms) = preSolution
		Debug|Mixed Platforms = Debug|Mixed Platforms
		Debug|Win32 = Debug|Win32
		Debug|x86 = Debug|x86
		Release|Mixed Platforms = Release|Mixed Platforms
		Release|Win32 = Release|Win32
		Release|x86 = Release|x86
	EndGlobalSection
	GlobalSection(ProjectConfigurationPlatforms) = postSolution
		{DC375A81-EBC7-4E6E-AB85-89DB6A08B2DF}.Debug|Mixed Platforms.ActiveCfg = Debug|x86
		{DC375A81-EBC7-4E6E-AB85-89DB6A08B2DF}.Debug|Mixed Platforms.Build.0 = Debug|x86
		{DC375A81-EBC7-4E6E-AB85-89DB6A08B2DF}.Debug|Win32.ActiveCfg = Debug|x86
		{DC375A81-EBC7-4E6E-AB85-89DB6A08B2DF}.Debug|x86.ActiveCfg = Debug|x86
		{DC375A81-EBC7-4E6E-AB85-89DB6A08B2DF}.Debug|x86.Build.0 = Debug|x86
		{DC375A81-EBC7-4E6E-AB85-89DB6A08B2DF}.Release|Mixed Platforms.ActiveCfg = Release|x86
		{DC375A81-EBC7-4E6E-AB85-89DB6A08B2DF}.Release|Mixed Platforms.Build.0 = Release|x86
		{DC375A81-EBC7-4E6E-AB85-89DB6A08B2DF}.Release|Win32.ActiveCfg = Release|x86
		{DC375A81-EBC7-4E6E-AB85-89DB6A08B2DF}.Release|x86.ActiveCfg = Release|x86
		{DC375A81-EBC7-4E6E-AB85-89DB6A08B2DF}.Release|x86.Build.0 = Release|x86
		{B0B256C1-6320-4624-B671-9CCDC395ADE1}.Debug|Mixed Platforms.ActiveCfg = Debug|Win32
		{B0B256C1-6320-4624-B671-9CCDC395ADE1}.Debug|Mixed Platforms.Build.0 = Debug|Win32
		{B0B256C1-6320-4624-B671-9CCDC395ADE1}.Debug|Win32.ActiveCfg = Debug|Win32
		{B0B256C1-6320-4624-B671-9CCDC395ADE1}.Debug|Win32.Build.0 = Debug|Win32
		{B0B256C1-6320-4624-B671-9CCDC395ADE1}.Debug|x86.ActiveCfg = Debug|Win32
		{B0B256C1-6320-4624-B671-9CCDC395ADE1}.Release|Mixed Platforms.ActiveCfg = Release|Win32
		{B0B256C1-6320-4624-B671-9CCDC395ADE1}.Release|Mixed Platforms.Build.0 = Release|Win32
		{B0B256C1-6320-4624-B671-9CCDC395ADE1}.Release|Win32.ActiveCfg = Release|Win32
		{B0B256C1-6320-4624-B671-9CCDC395ADE1}.Release|Win32.Build.0 = Release|Win32
		{B0B256C1-6320-4624-B671-9CCDC395ADE1}.Release|x86.ActiveCfg = Release|Win32
	EndGlobalSection
	GlobalSection(SolutionProperties) = preSolution
		HideSolutionNode = FALSE
	EndGlobalSection
EndGlobal
